
Microsoft Visual Studio Solution File, Format Version 11.00
# Visual Studio 2010
Project("{FAE04EC0-301F-11D3-BF4B-00C04F79EFBC}") = "Layer01_Common", "Layer01_Common\Layer01_Common.csproj", "{EACB7FD7-7268-41B7-BC01-1BB420E59375}"
EndProject
Project("{FAE04EC0-301F-11D3-BF4B-00C04F79EFBC}") = "Layer02_Objects", "Layer02_Objects\Layer02_Objects.csproj", "{78E6AFA7-59DA-470F-B206-E1B458B1A369}"
EndProject
Project("{FAE04EC0-301F-11D3-BF4B-00C04F79EFBC}") = "Layer03_Website", "Layer03_Website\Layer03_Website.csproj", "{77B23B96-C046-4E7F-9888-5DB5BE620715}"
EndProject
Project("{FAE04EC0-301F-11D3-BF4B-00C04F79EFBC}") = "Layer01_Common_Web", "Layer01_Common_Web\Layer01_Common_Web.csproj", "{F57898DF-DBD8-4134-BC6B-B15D25855471}"
EndProject
Project("{FAE04EC0-301F-11D3-BF4B-00C04F79EFBC}") = "Layer01_Common_Web_EO", "Layer01_Common_Web_EO\Layer01_Common_Web_EO.csproj", "{E63E9FF8-30E9-46BE-8C84-FD06D1504B24}"
EndProject
Project("{2150E333-8FDC-42A3-9474-1A3956D46DE8}") = ".nuget", ".nuget", "{B54F8F41-8A9E-4201-956A-7FE132D442D6}"
	ProjectSection(SolutionItems) = preProject
		.nuget\packages.config = .nuget\packages.config
	EndProjectSection
EndProject
Global
	GlobalSection(SolutionConfigurationPlatforms) = preSolution
		Debug|Any CPU = Debug|Any CPU
		Release|Any CPU = Release|Any CPU
	EndGlobalSection
	GlobalSection(ProjectConfigurationPlatforms) = postSolution
		{EACB7FD7-7268-41B7-BC01-1BB420E59375}.Debug|Any CPU.ActiveCfg = Debug|Any CPU
		{EACB7FD7-7268-41B7-BC01-1BB420E59375}.Debug|Any CPU.Build.0 = Debug|Any CPU
		{EACB7FD7-7268-41B7-BC01-1BB420E59375}.Release|Any CPU.ActiveCfg = Release|Any CPU
		{EACB7FD7-7268-41B7-BC01-1BB420E59375}.Release|Any CPU.Build.0 = Release|Any CPU
		{78E6AFA7-59DA-470F-B206-E1B458B1A369}.Debug|Any CPU.ActiveCfg = Debug|Any CPU
		{78E6AFA7-59DA-470F-B206-E1B458B1A369}.Debug|Any CPU.Build.0 = Debug|Any CPU
		{78E6AFA7-59DA-470F-B206-E1B458B1A369}.Release|Any CPU.ActiveCfg = Release|Any CPU
		{78E6AFA7-59DA-470F-B206-E1B458B1A369}.Release|Any CPU.Build.0 = Release|Any CPU
		{77B23B96-C046-4E7F-9888-5DB5BE620715}.Debug|Any CPU.ActiveCfg = Debug|Any CPU
		{77B23B96-C046-4E7F-9888-5DB5BE620715}.Debug|Any CPU.Build.0 = Debug|Any CPU
		{77B23B96-C046-4E7F-9888-5DB5BE620715}.Release|Any CPU.ActiveCfg = Release|Any CPU
		{77B23B96-C046-4E7F-9888-5DB5BE620715}.Release|Any CPU.Build.0 = Release|Any CPU
		{F57898DF-DBD8-4134-BC6B-B15D25855471}.Debug|Any CPU.ActiveCfg = Debug|Any CPU
		{F57898DF-DBD8-4134-BC6B-B15D25855471}.Debug|Any CPU.Build.0 = Debug|Any CPU
		{F57898DF-DBD8-4134-BC6B-B15D25855471}.Release|Any CPU.ActiveCfg = Release|Any CPU
		{F57898DF-DBD8-4134-BC6B-B15D25855471}.Release|Any CPU.Build.0 = Release|Any CPU
		{E63E9FF8-30E9-46BE-8C84-FD06D1504B24}.Debug|Any CPU.ActiveCfg = Debug|Any CPU
		{E63E9FF8-30E9-46BE-8C84-FD06D1504B24}.Debug|Any CPU.Build.0 = Debug|Any CPU
		{E63E9FF8-30E9-46BE-8C84-FD06D1504B24}.Release|Any CPU.ActiveCfg = Release|Any CPU
		{E63E9FF8-30E9-46BE-8C84-FD06D1504B24}.Release|Any CPU.Build.0 = Release|Any CPU
	EndGlobalSection
	GlobalSection(SolutionProperties) = preSolution
		HideSolutionNode = FALSE
	EndGlobalSection
EndGlobal
